// !$*UTF8*$!
{
	archiveVersion = 1;
	classes = {
	};
	objectVersion = 46;
	objects = {

/* Begin PBXBuildFile section */
		FE8094F0191AADB0001A3F3C /* LLArtistViewController.m in Sources */ = {isa = PBXBuildFile; fileRef = FE8094EF191AADB0001A3F3C /* LLArtistViewController.m */; };
		FE9ED61C191A95F900640EBF /* Foundation.framework in Frameworks */ = {isa = PBXBuildFile; fileRef = FE9ED61B191A95F900640EBF /* Foundation.framework */; };
		FE9ED61E191A95F900640EBF /* CoreGraphics.framework in Frameworks */ = {isa = PBXBuildFile; fileRef = FE9ED61D191A95F900640EBF /* CoreGraphics.framework */; };
		FE9ED620191A95F900640EBF /* UIKit.framework in Frameworks */ = {isa = PBXBuildFile; fileRef = FE9ED61F191A95F900640EBF /* UIKit.framework */; };
		FE9ED626191A95F900640EBF /* InfoPlist.strings in Resources */ = {isa = PBXBuildFile; fileRef = FE9ED624191A95F900640EBF /* InfoPlist.strings */; };
		FE9ED628191A95F900640EBF /* main.m in Sources */ = {isa = PBXBuildFile; fileRef = FE9ED627191A95F900640EBF /* main.m */; };
		FE9ED62C191A95F900640EBF /* LLAppDelegate.m in Sources */ = {isa = PBXBuildFile; fileRef = FE9ED62B191A95F900640EBF /* LLAppDelegate.m */; };
		FE9ED62F191A95F900640EBF /* Main.storyboard in Resources */ = {isa = PBXBuildFile; fileRef = FE9ED62D191A95F900640EBF /* Main.storyboard */; };
		FE9ED632191A95F900640EBF /* LLViewController.m in Sources */ = {isa = PBXBuildFile; fileRef = FE9ED631191A95F900640EBF /* LLViewController.m */; };
		FE9ED634191A95F900640EBF /* Images.xcassets in Resources */ = {isa = PBXBuildFile; fileRef = FE9ED633191A95F900640EBF /* Images.xcassets */; };
		FE9ED63B191A95F900640EBF /* XCTest.framework in Frameworks */ = {isa = PBXBuildFile; fileRef = FE9ED63A191A95F900640EBF /* XCTest.framework */; };
		FE9ED63C191A95F900640EBF /* Foundation.framework in Frameworks */ = {isa = PBXBuildFile; fileRef = FE9ED61B191A95F900640EBF /* Foundation.framework */; };
		FE9ED63D191A95F900640EBF /* UIKit.framework in Frameworks */ = {isa = PBXBuildFile; fileRef = FE9ED61F191A95F900640EBF /* UIKit.framework */; };
		FE9ED645191A95F900640EBF /* InfoPlist.strings in Resources */ = {isa = PBXBuildFile; fileRef = FE9ED643191A95F900640EBF /* InfoPlist.strings */; };
		FE9ED647191A95F900640EBF /* CoreDataTests.m in Sources */ = {isa = PBXBuildFile; fileRef = FE9ED646191A95F900640EBF /* CoreDataTests.m */; };
		FE9ED652191A961A00640EBF /* LLAppDelegate+CoreDataContext.m in Sources */ = {isa = PBXBuildFile; fileRef = FE9ED651191A961A00640EBF /* LLAppDelegate+CoreDataContext.m */; };
		FE9ED655191A9B8500640EBF /* Model.xcdatamodeld in Sources */ = {isa = PBXBuildFile; fileRef = FE9ED653191A9B8500640EBF /* Model.xcdatamodeld */; };
		FE9ED658191A9DD900640EBF /* Label.m in Sources */ = {isa = PBXBuildFile; fileRef = FE9ED657191A9DD900640EBF /* Label.m */; };
		FE9ED65B191A9DD900640EBF /* Artist.m in Sources */ = {isa = PBXBuildFile; fileRef = FE9ED65A191A9DD900640EBF /* Artist.m */; };
/* End PBXBuildFile section */

/* Begin PBXContainerItemProxy section */
		FE9ED63E191A95F900640EBF /* PBXContainerItemProxy */ = {
			isa = PBXContainerItemProxy;
			containerPortal = FE9ED610191A95F900640EBF /* Project object */;
			proxyType = 1;
			remoteGlobalIDString = FE9ED617191A95F900640EBF;
			remoteInfo = CoreData;
		};
/* End PBXContainerItemProxy section */

/* Begin PBXFileReference section */
		FE8094EE191AADB0001A3F3C /* LLArtistViewController.h */ = {isa = PBXFileReference; fileEncoding = 4; lastKnownFileType = sourcecode.c.h; path = LLArtistViewController.h; sourceTree = "<group>"; };
		FE8094EF191AADB0001A3F3C /* LLArtistViewController.m */ = {isa = PBXFileReference; fileEncoding = 4; lastKnownFileType = sourcecode.c.objc; path = LLArtistViewController.m; sourceTree = "<group>"; };
		FE9ED618191A95F900640EBF /* CoreData.app */ = {isa = PBXFileReference; explicitFileType = wrapper.application; includeInIndex = 0; path = CoreData.app; sourceTree = BUILT_PRODUCTS_DIR; };
		FE9ED61B191A95F900640EBF /* Foundation.framework */ = {isa = PBXFileReference; lastKnownFileType = wrapper.framework; name = Foundation.framework; path = System/Library/Frameworks/Foundation.framework; sourceTree = SDKROOT; };
		FE9ED61D191A95F900640EBF /* CoreGraphics.framework */ = {isa = PBXFileReference; lastKnownFileType = wrapper.framework; name = CoreGraphics.framework; path = System/Library/Frameworks/CoreGraphics.framework; sourceTree = SDKROOT; };
		FE9ED61F191A95F900640EBF /* UIKit.framework */ = {isa = PBXFileReference; lastKnownFileType = wrapper.framework; name = UIKit.framework; path = System/Library/Frameworks/UIKit.framework; sourceTree = SDKROOT; };
		FE9ED623191A95F900640EBF /* CoreData-Info.plist */ = {isa = PBXFileReference; lastKnownFileType = text.plist.xml; path = "CoreData-Info.plist"; sourceTree = "<group>"; };
		FE9ED625191A95F900640EBF /* en */ = {isa = PBXFileReference; lastKnownFileType = text.plist.strings; name = en; path = en.lproj/InfoPlist.strings; sourceTree = "<group>"; };
		FE9ED627191A95F900640EBF /* main.m */ = {isa = PBXFileReference; lastKnownFileType = sourcecode.c.objc; path = main.m; sourceTree = "<group>"; };
		FE9ED629191A95F900640EBF /* CoreData-Prefix.pch */ = {isa = PBXFileReference; lastKnownFileType = sourcecode.c.h; path = "CoreData-Prefix.pch"; sourceTree = "<group>"; };
		FE9ED62A191A95F900640EBF /* LLAppDelegate.h */ = {isa = PBXFileReference; lastKnownFileType = sourcecode.c.h; path = LLAppDelegate.h; sourceTree = "<group>"; };
		FE9ED62B191A95F900640EBF /* LLAppDelegate.m */ = {isa = PBXFileReference; lastKnownFileType = sourcecode.c.objc; path = LLAppDelegate.m; sourceTree = "<group>"; };
		FE9ED62E191A95F900640EBF /* Base */ = {isa = PBXFileReference; lastKnownFileType = file.storyboard; name = Base; path = Base.lproj/Main.storyboard; sourceTree = "<group>"; };
		FE9ED630191A95F900640EBF /* LLViewController.h */ = {isa = PBXFileReference; lastKnownFileType = sourcecode.c.h; path = LLViewController.h; sourceTree = "<group>"; };
		FE9ED631191A95F900640EBF /* LLViewController.m */ = {isa = PBXFileReference; lastKnownFileType = sourcecode.c.objc; path = LLViewController.m; sourceTree = "<group>"; };
		FE9ED633191A95F900640EBF /* Images.xcassets */ = {isa = PBXFileReference; lastKnownFileType = folder.assetcatalog; path = Images.xcassets; sourceTree = "<group>"; };
		FE9ED639191A95F900640EBF /* CoreDataTests.xctest */ = {isa = PBXFileReference; explicitFileType = wrapper.cfbundle; includeInIndex = 0; path = CoreDataTests.xctest; sourceTree = BUILT_PRODUCTS_DIR; };
		FE9ED63A191A95F900640EBF /* XCTest.framework */ = {isa = PBXFileReference; lastKnownFileType = wrapper.framework; name = XCTest.framework; path = Library/Frameworks/XCTest.framework; sourceTree = DEVELOPER_DIR; };
		FE9ED642191A95F900640EBF /* CoreDataTests-Info.plist */ = {isa = PBXFileReference; lastKnownFileType = text.plist.xml; path = "CoreDataTests-Info.plist"; sourceTree = "<group>"; };
		FE9ED644191A95F900640EBF /* en */ = {isa = PBXFileReference; lastKnownFileType = text.plist.strings; name = en; path = en.lproj/InfoPlist.strings; sourceTree = "<group>"; };
		FE9ED646191A95F900640EBF /* CoreDataTests.m */ = {isa = PBXFileReference; lastKnownFileType = sourcecode.c.objc; path = CoreDataTests.m; sourceTree = "<group>"; };
		FE9ED650191A961A00640EBF /* LLAppDelegate+CoreDataContext.h */ = {isa = PBXFileReference; fileEncoding = 4; lastKnownFileType = sourcecode.c.h; name = "LLAppDelegate+CoreDataContext.h"; path = "../LLAppDelegate+CoreDataContext.h"; sourceTree = "<group>"; };
		FE9ED651191A961A00640EBF /* LLAppDelegate+CoreDataContext.m */ = {isa = PBXFileReference; fileEncoding = 4; lastKnownFileType = sourcecode.c.objc; name = "LLAppDelegate+CoreDataContext.m"; path = "../LLAppDelegate+CoreDataContext.m"; sourceTree = "<group>"; };
		FE9ED654191A9B8500640EBF /* Model.xcdatamodel */ = {isa = PBXFileReference; lastKnownFileType = wrapper.xcdatamodel; path = Model.xcdatamodel; sourceTree = "<group>"; };
		FE9ED656191A9DD900640EBF /* Label.h */ = {isa = PBXFileReference; fileEncoding = 4; lastKnownFileType = sourcecode.c.h; path = Label.h; sourceTree = "<group>"; };
		FE9ED657191A9DD900640EBF /* Label.m */ = {isa = PBXFileReference; fileEncoding = 4; lastKnownFileType = sourcecode.c.objc; path = Label.m; sourceTree = "<group>"; };
		FE9ED659191A9DD900640EBF /* Artist.h */ = {isa = PBXFileReference; fileEncoding = 4; lastKnownFileType = sourcecode.c.h; path = Artist.h; sourceTree = "<group>"; };
		FE9ED65A191A9DD900640EBF /* Artist.m */ = {isa = PBXFileReference; fileEncoding = 4; lastKnownFileType = sourcecode.c.objc; path = Artist.m; sourceTree = "<group>"; };
/* End PBXFileReference section */

/* Begin PBXFrameworksBuildPhase section */
		FE9ED615191A95F900640EBF /* Frameworks */ = {
			isa = PBXFrameworksBuildPhase;
			buildActionMask = 2147483647;
			files = (
				FE9ED61E191A95F900640EBF /* CoreGraphics.framework in Frameworks */,
				FE9ED620191A95F900640EBF /* UIKit.framework in Frameworks */,
				FE9ED61C191A95F900640EBF /* Foundation.framework in Frameworks */,
			);
			runOnlyForDeploymentPostprocessing = 0;
		};
		FE9ED636191A95F900640EBF /* Frameworks */ = {
			isa = PBXFrameworksBuildPhase;
			buildActionMask = 2147483647;
			files = (
				FE9ED63B191A95F900640EBF /* XCTest.framework in Frameworks */,
				FE9ED63D191A95F900640EBF /* UIKit.framework in Frameworks */,
				FE9ED63C191A95F900640EBF /* Foundation.framework in Frameworks */,
			);
			runOnlyForDeploymentPostprocessing = 0;
		};
/* End PBXFrameworksBuildPhase section */

/* Begin PBXGroup section */
		FE9ED60F191A95F900640EBF = {
			isa = PBXGroup;
			children = (
				FE9ED621191A95F900640EBF /* CoreData */,
				FE9ED640191A95F900640EBF /* CoreDataTests */,
				FE9ED61A191A95F900640EBF /* Frameworks */,
				FE9ED619191A95F900640EBF /* Products */,
			);
			sourceTree = "<group>";
		};
		FE9ED619191A95F900640EBF /* Products */ = {
			isa = PBXGroup;
			children = (
				FE9ED618191A95F900640EBF /* CoreData.app */,
				FE9ED639191A95F900640EBF /* CoreDataTests.xctest */,
			);
			name = Products;
			sourceTree = "<group>";
		};
		FE9ED61A191A95F900640EBF /* Frameworks */ = {
			isa = PBXGroup;
			children = (
				FE9ED61B191A95F900640EBF /* Foundation.framework */,
				FE9ED61D191A95F900640EBF /* CoreGraphics.framework */,
				FE9ED61F191A95F900640EBF /* UIKit.framework */,
				FE9ED63A191A95F900640EBF /* XCTest.framework */,
			);
			name = Frameworks;
			sourceTree = "<group>";
		};
		FE9ED621191A95F900640EBF /* CoreData */ = {
			isa = PBXGroup;
			children = (
				FE9ED62A191A95F900640EBF /* LLAppDelegate.h */,
				FE9ED62B191A95F900640EBF /* LLAppDelegate.m */,
				FE9ED650191A961A00640EBF /* LLAppDelegate+CoreDataContext.h */,
				FE9ED651191A961A00640EBF /* LLAppDelegate+CoreDataContext.m */,
				FE9ED653191A9B8500640EBF /* Model.xcdatamodeld */,
				FE9ED659191A9DD900640EBF /* Artist.h */,
				FE9ED65A191A9DD900640EBF /* Artist.m */,
				FE9ED656191A9DD900640EBF /* Label.h */,
				FE9ED657191A9DD900640EBF /* Label.m */,
				FE9ED62D191A95F900640EBF /* Main.storyboard */,
				FE9ED630191A95F900640EBF /* LLViewController.h */,
				FE9ED631191A95F900640EBF /* LLViewController.m */,
				FE8094EE191AADB0001A3F3C /* LLArtistViewController.h */,
				FE8094EF191AADB0001A3F3C /* LLArtistViewController.m */,
				FE9ED633191A95F900640EBF /* Images.xcassets */,
				FE9ED622191A95F900640EBF /* Supporting Files */,
			);
			path = CoreData;
			sourceTree = "<group>";
		};
		FE9ED622191A95F900640EBF /* Supporting Files */ = {
			isa = PBXGroup;
			children = (
				FE9ED623191A95F900640EBF /* CoreData-Info.plist */,
				FE9ED624191A95F900640EBF /* InfoPlist.strings */,
				FE9ED627191A95F900640EBF /* main.m */,
				FE9ED629191A95F900640EBF /* CoreData-Prefix.pch */,
			);
			name = "Supporting Files";
			sourceTree = "<group>";
		};
		FE9ED640191A95F900640EBF /* CoreDataTests */ = {
			isa = PBXGroup;
			children = (
				FE9ED646191A95F900640EBF /* CoreDataTests.m */,
				FE9ED641191A95F900640EBF /* Supporting Files */,
			);
			path = CoreDataTests;
			sourceTree = "<group>";
		};
		FE9ED641191A95F900640EBF /* Supporting Files */ = {
			isa = PBXGroup;
			children = (
				FE9ED642191A95F900640EBF /* CoreDataTests-Info.plist */,
				FE9ED643191A95F900640EBF /* InfoPlist.strings */,
			);
			name = "Supporting Files";
			sourceTree = "<group>";
		};
/* End PBXGroup section */

/* Begin PBXNativeTarget section */
		FE9ED617191A95F900640EBF /* CoreData */ = {
			isa = PBXNativeTarget;
			buildConfigurationList = FE9ED64A191A95F900640EBF /* Build configuration list for PBXNativeTarget "CoreData" */;
			buildPhases = (
				FE9ED614191A95F900640EBF /* Sources */,
				FE9ED615191A95F900640EBF /* Frameworks */,
				FE9ED616191A95F900640EBF /* Resources */,
			);
			buildRules = (
			);
			dependencies = (
			);
			name = CoreData;
			productName = CoreData;
			productReference = FE9ED618191A95F900640EBF /* CoreData.app */;
			productType = "com.apple.product-type.application";
		};
		FE9ED638191A95F900640EBF /* CoreDataTests */ = {
			isa = PBXNativeTarget;
			buildConfigurationList = FE9ED64D191A95F900640EBF /* Build configuration list for PBXNativeTarget "CoreDataTests" */;
			buildPhases = (
				FE9ED635191A95F900640EBF /* Sources */,
				FE9ED636191A95F900640EBF /* Frameworks */,
				FE9ED637191A95F900640EBF /* Resources */,
			);
			buildRules = (
			);
			dependencies = (
				FE9ED63F191A95F900640EBF /* PBXTargetDependency */,
			);
			name = CoreDataTests;
			productName = CoreDataTests;
			productReference = FE9ED639191A95F900640EBF /* CoreDataTests.xctest */;
			productType = "com.apple.product-type.bundle.unit-test";
		};
/* End PBXNativeTarget section */

/* Begin PBXProject section */
		FE9ED610191A95F900640EBF /* Project object */ = {
			isa = PBXProject;
			attributes = {
				CLASSPREFIX = LL;
				LastUpgradeCheck = 0510;
				ORGANIZATIONNAME = "Lauren Lee";
				TargetAttributes = {
					FE9ED638191A95F900640EBF = {
						TestTargetID = FE9ED617191A95F900640EBF;
					};
				};
			};
			buildConfigurationList = FE9ED613191A95F900640EBF /* Build configuration list for PBXProject "CoreData" */;
			compatibilityVersion = "Xcode 3.2";
			developmentRegion = English;
			hasScannedForEncodings = 0;
			knownRegions = (
				en,
				Base,
			);
			mainGroup = FE9ED60F191A95F900640EBF;
			productRefGroup = FE9ED619191A95F900640EBF /* Products */;
			projectDirPath = "";
			projectRoot = "";
			targets = (
				FE9ED617191A95F900640EBF /* CoreData */,
				FE9ED638191A95F900640EBF /* CoreDataTests */,
			);
		};
/* End PBXProject section */

/* Begin PBXResourcesBuildPhase section */
		FE9ED616191A95F900640EBF /* Resources */ = {
			isa = PBXResourcesBuildPhase;
			buildActionMask = 2147483647;
			files = (
				FE9ED634191A95F900640EBF /* Images.xcassets in Resources */,
				FE9ED626191A95F900640EBF /* InfoPlist.strings in Resources */,
				FE9ED62F191A95F900640EBF /* Main.storyboard in Resources */,
			);
			runOnlyForDeploymentPostprocessing = 0;
		};
		FE9ED637191A95F900640EBF /* Resources */ = {
			isa = PBXResourcesBuildPhase;
			buildActionMask = 2147483647;
			files = (
				FE9ED645191A95F900640EBF /* InfoPlist.strings in Resources */,
			);
			runOnlyForDeploymentPostprocessing = 0;
		};
/* End PBXResourcesBuildPhase section */

/* Begin PBXSourcesBuildPhase section */
		FE9ED614191A95F900640EBF /* Sources */ = {
			isa = PBXSourcesBuildPhase;
			buildActionMask = 2147483647;
			files = (
				FE9ED658191A9DD900640EBF /* Label.m in Sources */,
				FE8094F0191AADB0001A3F3C /* LLArtistViewController.m in Sources */,
				FE9ED62C191A95F900640EBF /* LLAppDelegate.m in Sources */,
				FE9ED652191A961A00640EBF /* LLAppDelegate+CoreDataContext.m in Sources */,
				FE9ED655191A9B8500640EBF /* Model.xcdatamodeld in Sources */,
				FE9ED628191A95F900640EBF /* main.m in Sources */,
				FE9ED632191A95F900640EBF /* LLViewController.m in Sources */,
				FE9ED65B191A9DD900640EBF /* Artist.m in Sources */,
			);
			runOnlyForDeploymentPostprocessing = 0;
		};
		FE9ED635191A95F900640EBF /* Sources */ = {
			isa = PBXSourcesBuildPhase;
			buildActionMask = 2147483647;
			files = (
				FE9ED647191A95F900640EBF /* CoreDataTests.m in Sources */,
			);
			runOnlyForDeploymentPostprocessing = 0;
		};
/* End PBXSourcesBuildPhase section */

/* Begin PBXTargetDependency section */
		FE9ED63F191A95F900640EBF /* PBXTargetDependency */ = {
			isa = PBXTargetDependency;
			target = FE9ED617191A95F900640EBF /* CoreData */;
			targetProxy = FE9ED63E191A95F900640EBF /* PBXContainerItemProxy */;
		};
/* End PBXTargetDependency section */

/* Begin PBXVariantGroup section */
		FE9ED624191A95F900640EBF /* InfoPlist.strings */ = {
			isa = PBXVariantGroup;
			children = (
				FE9ED625191A95F900640EBF /* en */,
			);
			name = InfoPlist.strings;
			sourceTree = "<group>";
		};
		FE9ED62D191A95F900640EBF /* Main.storyboard */ = {
			isa = PBXVariantGroup;
			children = (
				FE9ED62E191A95F900640EBF /* Base */,
			);
			name = Main.storyboard;
			sourceTree = "<group>";
		};
		FE9ED643191A95F900640EBF /* InfoPlist.strings */ = {
			isa = PBXVariantGroup;
			children = (
				FE9ED644191A95F900640EBF /* en */,
			);
			name = InfoPlist.strings;
			sourceTree = "<group>";
		};
/* End PBXVariantGroup section */

/* Begin XCBuildConfiguration section */
		FE9ED648191A95F900640EBF /* Debug */ = {
			isa = XCBuildConfiguration;
			buildSettings = {
				ALWAYS_SEARCH_USER_PATHS = NO;
				CLANG_CXX_LANGUAGE_STANDARD = "gnu++0x";
				CLANG_CXX_LIBRARY = "libc++";
				CLANG_ENABLE_MODULES = YES;
				CLANG_ENABLE_OBJC_ARC = YES;
				CLANG_WARN_BOOL_CONVERSION = YES;
				CLANG_WARN_CONSTANT_CONVERSION = YES;
				CLANG_WARN_DIRECT_OBJC_ISA_USAGE = YES_ERROR;
				CLANG_WARN_EMPTY_BODY = YES;
				CLANG_WARN_ENUM_CONVERSION = YES;
				CLANG_WARN_INT_CONVERSION = YES;
				CLANG_WARN_OBJC_ROOT_CLASS = YES_ERROR;
				CLANG_WARN__DUPLICATE_METHOD_MATCH = YES;
				"CODE_SIGN_IDENTITY[sdk=iphoneos*]" = "iPhone Developer";
				COPY_PHASE_STRIP = NO;
				GCC_C_LANGUAGE_STANDARD = gnu99;
				GCC_DYNAMIC_NO_PIC = NO;
				GCC_OPTIMIZATION_LEVEL = 0;
				GCC_PREPROCESSOR_DEFINITIONS = (
					"DEBUG=1",
					"$(inherited)",
				);
				GCC_SYMBOLS_PRIVATE_EXTERN = NO;
				GCC_WARN_64_TO_32_BIT_CONVERSION = YES;
				GCC_WARN_ABOUT_RETURN_TYPE = YES_ERROR;
				GCC_WARN_UNDECLARED_SELECTOR = YES;
				GCC_WARN_UNINITIALIZED_AUTOS = YES_AGGRESSIVE;
				GCC_WARN_UNUSED_FUNCTION = YES;
				GCC_WARN_UNUSED_VARIABLE = YES;
				IPHONEOS_DEPLOYMENT_TARGET = 7.1;
				ONLY_ACTIVE_ARCH = YES;
				SDKROOT = iphoneos;
			};
			name = Debug;
		};
		FE9ED649191A95F900640EBF /* Release */ = {
			isa = XCBuildConfiguration;
			buildSettings = {
				ALWAYS_SEARCH_USER_PATHS = NO;
				CLANG_CXX_LANGUAGE_STANDARD = "gnu++0x";
				CLANG_CXX_LIBRARY = "libc++";
				CLANG_ENABLE_MODULES = YES;
				CLANG_ENABLE_OBJC_ARC = YES;
				CLANG_WARN_BOOL_CONVERSION = YES;
				CLANG_WARN_CONSTANT_CONVERSION = YES;
				CLANG_WARN_DIRECT_OBJC_ISA_USAGE = YES_ERROR;
				CLANG_WARN_EMPTY_BODY = YES;
				CLANG_WARN_ENUM_CONVERSION = YES;
				CLANG_WARN_INT_CONVERSION = YES;
				CLANG_WARN_OBJC_ROOT_CLASS = YES_ERROR;
				CLANG_WARN__DUPLICATE_METHOD_MATCH = YES;
				"CODE_SIGN_IDENTITY[sdk=iphoneos*]" = "iPhone Developer";
				COPY_PHASE_STRIP = YES;
				ENABLE_NS_ASSERTIONS = NO;
				GCC_C_LANGUAGE_STANDARD = gnu99;
				GCC_WARN_64_TO_32_BIT_CONVERSION = YES;
				GCC_WARN_ABOUT_RETURN_TYPE = YES_ERROR;
				GCC_WARN_UNDECLARED_SELECTOR = YES;
				GCC_WARN_UNINITIALIZED_AUTOS = YES_AGGRESSIVE;
				GCC_WARN_UNUSED_FUNCTION = YES;
				GCC_WARN_UNUSED_VARIABLE = YES;
				IPHONEOS_DEPLOYMENT_TARGET = 7.1;
				SDKROOT = iphoneos;
				VALIDATE_PRODUCT = YES;
			};
			name = Release;
		};
		FE9ED64B191A95F900640EBF /* Debug */ = {
			isa = XCBuildConfiguration;
			buildSettings = {
				ASSETCATALOG_COMPILER_APPICON_NAME = AppIcon;
				ASSETCATALOG_COMPILER_LAUNCHIMAGE_NAME = LaunchImage;
				GCC_PRECOMPILE_PREFIX_HEADER = YES;
				GCC_PREFIX_HEADER = "CoreData/CoreData-Prefix.pch";
				INFOPLIST_FILE = "CoreData/CoreData-Info.plist";
				PRODUCT_NAME = "$(TARGET_NAME)";
				WRAPPER_EXTENSION = app;
			};
			name = Debug;
		};
		FE9ED64C191A95F900640EBF /* Release */ = {
			isa = XCBuildConfiguration;
			buildSettings = {
				ASSETCATALOG_COMPILER_APPICON_NAME = AppIcon;
				ASSETCATALOG_COMPILER_LAUNCHIMAGE_NAME = LaunchImage;
				GCC_PRECOMPILE_PREFIX_HEADER = YES;
				GCC_PREFIX_HEADER = "CoreData/CoreData-Prefix.pch";
				INFOPLIST_FILE = "CoreData/CoreData-Info.plist";
				PRODUCT_NAME = "$(TARGET_NAME)";
				WRAPPER_EXTENSION = app;
			};
			name = Release;
		};
		FE9ED64E191A95F900640EBF /* Debug */ = {
			isa = XCBuildConfiguration;
			buildSettings = {
				BUNDLE_LOADER = "$(BUILT_PRODUCTS_DIR)/CoreData.app/CoreData";
				FRAMEWORK_SEARCH_PATHS = (
					"$(SDKROOT)/Developer/Library/Frameworks",
					"$(inherited)",
					"$(DEVELOPER_FRAMEWORKS_DIR)",
				);
				GCC_PRECOMPILE_PREFIX_HEADER = YES;
				GCC_PREFIX_HEADER = "CoreData/CoreData-Prefix.pch";
				GCC_PREPROCESSOR_DEFINITIONS = (
					"DEBUG=1",
					"$(inherited)",
				);
				INFOPLIST_FILE = "CoreDataTests/CoreDataTests-Info.plist";
				PRODUCT_NAME = "$(TARGET_NAME)";
				TEST_HOST = "$(BUNDLE_LOADER)";
				WRAPPER_EXTENSION = xctest;
			};
			name = Debug;
		};
		FE9ED64F191A95F900640EBF /* Release */ = {
			isa = XCBuildConfiguration;
			buildSettings = {
				BUNDLE_LOADER = "$(BUILT_PRODUCTS_DIR)/CoreData.app/CoreData";
				FRAMEWORK_SEARCH_PATHS = (
					"$(SDKROOT)/Developer/Library/Frameworks",
					"$(inherited)",
					"$(DEVELOPER_FRAMEWORKS_DIR)",
				);
				GCC_PRECOMPILE_PREFIX_HEADER = YES;
				GCC_PREFIX_HEADER = "CoreData/CoreData-Prefix.pch";
				INFOPLIST_FILE = "CoreDataTests/CoreDataTests-Info.plist";
				PRODUCT_NAME = "$(TARGET_NAME)";
				TEST_HOST = "$(BUNDLE_LOADER)";
				WRAPPER_EXTENSION = xctest;
			};
			name = Release;
		};
/* End XCBuildConfiguration section */

/* Begin XCConfigurationList section */
		FE9ED613191A95F900640EBF /* Build configuration list for PBXProject "CoreData" */ = {
			isa = XCConfigurationList;
			buildConfigurations = (
				FE9ED648191A95F900640EBF /* Debug */,
				FE9ED649191A95F900640EBF /* Release */,
			);
			defaultConfigurationIsVisible = 0;
			defaultConfigurationName = Release;
		};
		FE9ED64A191A95F900640EBF /* Build configuration list for PBXNativeTarget "CoreData" */ = {
			isa = XCConfigurationList;
			buildConfigurations = (
				FE9ED64B191A95F900640EBF /* Debug */,
				FE9ED64C191A95F900640EBF /* Release */,
			);
			defaultConfigurationIsVisible = 0;
			defaultConfigurationName = Release;
		};
		FE9ED64D191A95F900640EBF /* Build configuration list for PBXNativeTarget "CoreDataTests" */ = {
			isa = XCConfigurationList;
			buildConfigurations = (
				FE9ED64E191A95F900640EBF /* Debug */,
				FE9ED64F191A95F900640EBF /* Release */,
			);
			defaultConfigurationIsVisible = 0;
			defaultConfigurationName = Release;
		};
/* End XCConfigurationList section */

/* Begin XCVersionGroup section */
		FE9ED653191A9B8500640EBF /* Model.xcdatamodeld */ = {
			isa = XCVersionGroup;
			children = (
				FE9ED654191A9B8500640EBF /* Model.xcdatamodel */,
			);
			currentVersion = FE9ED654191A9B8500640EBF /* Model.xcdatamodel */;
			path = Model.xcdatamodeld;
			sourceTree = "<group>";
			versionGroupType = wrapper.xcdatamodel;
		};
/* End XCVersionGroup section */
	};
	rootObject = FE9ED610191A95F900640EBF /* Project object */;
}
